
Microsoft Visual Studio Solution File, Format Version 12.00
# Visual Studio Version 17
VisualStudioVersion = 17.3.32929.385
MinimumVisualStudioVersion = 10.0.40219.1
Project("{FAE04EC0-301F-11D3-BF4B-00C04F79EFBC}") = "Zadatak 1.1", "Zad1\Zadatak 1.1.csproj", "{03CF3F74-33FD-4BCC-B90F-917C40A078EA}"
EndProject
Global
	GlobalSection(SolutionConfigurationPlatforms) = preSolution
		Debug|Any CPU = Debug|Any CPU
		Release|Any CPU = Release|Any CPU
	EndGlobalSection
	GlobalSection(ProjectConfigurationPlatforms) = postSolution
		{03CF3F74-33FD-4BCC-B90F-917C40A078EA}.Debug|Any CPU.ActiveCfg = Debug|Any CPU
		{03CF3F74-33FD-4BCC-B90F-917C40A078EA}.Debug|Any CPU.Build.0 = Debug|Any CPU
		{03CF3F74-33FD-4BCC-B90F-917C40A078EA}.Release|Any CPU.ActiveCfg = Release|Any CPU
		{03CF3F74-33FD-4BCC-B90F-917C40A078EA}.Release|Any CPU.Build.0 = Release|Any CPU
	EndGlobalSection
	GlobalSection(SolutionProperties) = preSolution
		HideSolutionNode = FALSE
	EndGlobalSection
	GlobalSection(ExtensibilityGlobals) = postSolution
		SolutionGuid = {3060A449-3D41-48FB-9AD4-567AA2847543}
	EndGlobalSection
EndGlobal
